// !$*UTF8*$!
{
	archiveVersion = 1;
	classes = {
	};
	objectVersion = 56;
	objects = {

/* Begin PBXBuildFile section */
		F8096F2E2CE9FD410017A861 /* MainView.swift in Sources */ = {isa = PBXBuildFile; fileRef = F8096F2D2CE9FD410017A861 /* MainView.swift */; };
		F81DFB7D2C2C697300D56AA4 /* DozzApp.swift in Sources */ = {isa = PBXBuildFile; fileRef = F81DFB7C2C2C697300D56AA4 /* DozzApp.swift */; };
		F81DFB7F2C2C697300D56AA4 /* HomeView.swift in Sources */ = {isa = PBXBuildFile; fileRef = F81DFB7E2C2C697300D56AA4 /* HomeView.swift */; };
		F81DFB812C2C697600D56AA4 /* Assets.xcassets in Resources */ = {isa = PBXBuildFile; fileRef = F81DFB802C2C697600D56AA4 /* Assets.xcassets */; };
		F81DFB842C2C697600D56AA4 /* Preview Assets.xcassets in Resources */ = {isa = PBXBuildFile; fileRef = F81DFB832C2C697600D56AA4 /* Preview Assets.xcassets */; };
		F81DFB892C2C697600D56AA4 /* Dozz.xcdatamodeld in Sources */ = {isa = PBXBuildFile; fileRef = F81DFB872C2C697600D56AA4 /* Dozz.xcdatamodeld */; };
		F81DFB912C2C6ADB00D56AA4 /* extensionColor.swift in Sources */ = {isa = PBXBuildFile; fileRef = F81DFB902C2C6ADB00D56AA4 /* extensionColor.swift */; };
		F81DFBC72C2CAAE500D56AA4 /* Persistence.swift in Sources */ = {isa = PBXBuildFile; fileRef = F81DFBC62C2CAAE500D56AA4 /* Persistence.swift */; };
		F81DFBC92C2CB62500D56AA4 /* Constant.swift in Sources */ = {isa = PBXBuildFile; fileRef = F81DFBC82C2CB62500D56AA4 /* Constant.swift */; };
		F826B6F62CEEA068001958F7 /* InfosView.swift in Sources */ = {isa = PBXBuildFile; fileRef = F826B6F52CEEA068001958F7 /* InfosView.swift */; };
		F85D8BD52CEF4AF3004F052F /* PayWallRevenueCatView.swift in Sources */ = {isa = PBXBuildFile; fileRef = F85D8BD42CEF4AF3004F052F /* PayWallRevenueCatView.swift */; };
		F85D8BD72CEF4D67004F052F /* PayWallItemView.swift in Sources */ = {isa = PBXBuildFile; fileRef = F85D8BD62CEF4D67004F052F /* PayWallItemView.swift */; };
		F85D8BD92CEF4DD8004F052F /* PayWallModel.swift in Sources */ = {isa = PBXBuildFile; fileRef = F85D8BD82CEF4DD8004F052F /* PayWallModel.swift */; };
		F870A0FE2C3EE8AF00A71A95 /* CellView.swift in Sources */ = {isa = PBXBuildFile; fileRef = F870A0FD2C3EE8AF00A71A95 /* CellView.swift */; };
		F88759BB2CE95F310030F496 /* Enum.swift in Sources */ = {isa = PBXBuildFile; fileRef = F88759BA2CE95F2E0030F496 /* Enum.swift */; };
		F88759BD2CE9685C0030F496 /* TabBarButtonView.swift in Sources */ = {isa = PBXBuildFile; fileRef = F88759BC2CE9685C0030F496 /* TabBarButtonView.swift */; };
		F88F375B2C39632800B12F8C /* FontColorView.swift in Sources */ = {isa = PBXBuildFile; fileRef = F88F375A2C39632800B12F8C /* FontColorView.swift */; };
		F89F5C8D2CEA3CFA0019F910 /* OnboardingJson.json in Resources */ = {isa = PBXBuildFile; fileRef = F89F5C8B2CEA3CFA0019F910 /* OnboardingJson.json */; };
		F89F5C8F2CEA55150019F910 /* OnboardingItem.swift in Sources */ = {isa = PBXBuildFile; fileRef = F89F5C8E2CEA55150019F910 /* OnboardingItem.swift */; };
		F89F5C912CEA556B0019F910 /* OnboardingViewModel.swift in Sources */ = {isa = PBXBuildFile; fileRef = F89F5C902CEA556B0019F910 /* OnboardingViewModel.swift */; };
		F89F5C932CEA56340019F910 /* OnboardingView.swift in Sources */ = {isa = PBXBuildFile; fileRef = F89F5C922CEA56340019F910 /* OnboardingView.swift */; };
		F89F5C952CEA748C0019F910 /* SettingsView.swift in Sources */ = {isa = PBXBuildFile; fileRef = F89F5C942CEA748C0019F910 /* SettingsView.swift */; };
		F8A27B1E2CA3A0D70045EAA1 /* Localizable.strings in Resources */ = {isa = PBXBuildFile; fileRef = F8A27B1C2CA3A0D70045EAA1 /* Localizable.strings */; };
		F8BAA5FE2C44319A00F00F52 /* LaunchScreen.storyboard in Resources */ = {isa = PBXBuildFile; fileRef = F8BAA5FD2C44319900F00F52 /* LaunchScreen.storyboard */; };
		F8C2C0BF2CEB7A300054DA1A /* AlerteView.swift in Sources */ = {isa = PBXBuildFile; fileRef = F8C2C0BE2CEB7A300054DA1A /* AlerteView.swift */; };
		F8C2C0C62CEBF5F00054DA1A /* ButtonPlusView.swift in Sources */ = {isa = PBXBuildFile; fileRef = F8C2C0C52CEBF5F00054DA1A /* ButtonPlusView.swift */; };
		F8C944272C2DD0F70024D7EA /* HideKeyboardExtension.swift in Sources */ = {isa = PBXBuildFile; fileRef = F8C944262C2DD0F70024D7EA /* HideKeyboardExtension.swift */; };
		F8CB95302C37640600D6F3E8 /* NewTaskView.swift in Sources */ = {isa = PBXBuildFile; fileRef = F8CB952F2C37640600D6F3E8 /* NewTaskView.swift */; };
		F8E1DE2D2C4ED44C00F87061 /* infosModel.swift in Sources */ = {isa = PBXBuildFile; fileRef = F8E1DE2C2C4ED44C00F87061 /* infosModel.swift */; };
		F8E1DE2F2C4EE86200F87061 /* TextInfosView.swift in Sources */ = {isa = PBXBuildFile; fileRef = F8E1DE2E2C4EE86200F87061 /* TextInfosView.swift */; };
		F8E466DD2C919B4D003DA67E /* CheckboxView.swift in Sources */ = {isa = PBXBuildFile; fileRef = F8E466DC2C919B4D003DA67E /* CheckboxView.swift */; };
		F8F7C39F2C38BBB40090532F /* SelectedFruitsIView.swift in Sources */ = {isa = PBXBuildFile; fileRef = F8F7C39E2C38BBB40090532F /* SelectedFruitsIView.swift */; };
		F8F8947B2CE6C15700D8DCBB /* CustomTabBarView.swift in Sources */ = {isa = PBXBuildFile; fileRef = F8F8947A2CE6C15700D8DCBB /* CustomTabBarView.swift */; };
/* End PBXBuildFile section */

/* Begin PBXFileReference section */
		F8096F2D2CE9FD410017A861 /* MainView.swift */ = {isa = PBXFileReference; lastKnownFileType = sourcecode.swift; path = MainView.swift; sourceTree = "<group>"; };
		F81DFB792C2C697300D56AA4 /* Dozz.app */ = {isa = PBXFileReference; explicitFileType = wrapper.application; includeInIndex = 0; path = Dozz.app; sourceTree = BUILT_PRODUCTS_DIR; };
		F81DFB7C2C2C697300D56AA4 /* DozzApp.swift */ = {isa = PBXFileReference; lastKnownFileType = sourcecode.swift; path = DozzApp.swift; sourceTree = "<group>"; };
		F81DFB7E2C2C697300D56AA4 /* HomeView.swift */ = {isa = PBXFileReference; lastKnownFileType = sourcecode.swift; path = HomeView.swift; sourceTree = "<group>"; };
		F81DFB802C2C697600D56AA4 /* Assets.xcassets */ = {isa = PBXFileReference; lastKnownFileType = folder.assetcatalog; path = Assets.xcassets; sourceTree = "<group>"; };
		F81DFB832C2C697600D56AA4 /* Preview Assets.xcassets */ = {isa = PBXFileReference; lastKnownFileType = folder.assetcatalog; path = "Preview Assets.xcassets"; sourceTree = "<group>"; };
		F81DFB882C2C697600D56AA4 /* Dozz.xcdatamodel */ = {isa = PBXFileReference; lastKnownFileType = wrapper.xcdatamodel; path = Dozz.xcdatamodel; sourceTree = "<group>"; };
		F81DFB902C2C6ADB00D56AA4 /* extensionColor.swift */ = {isa = PBXFileReference; lastKnownFileType = sourcecode.swift; path = extensionColor.swift; sourceTree = "<group>"; };
		F81DFBC62C2CAAE500D56AA4 /* Persistence.swift */ = {isa = PBXFileReference; lastKnownFileType = sourcecode.swift; path = Persistence.swift; sourceTree = "<group>"; };
		F81DFBC82C2CB62500D56AA4 /* Constant.swift */ = {isa = PBXFileReference; lastKnownFileType = sourcecode.swift; path = Constant.swift; sourceTree = "<group>"; };
		F826B6F52CEEA068001958F7 /* InfosView.swift */ = {isa = PBXFileReference; lastKnownFileType = sourcecode.swift; path = InfosView.swift; sourceTree = "<group>"; };
		F85D8BD42CEF4AF3004F052F /* PayWallRevenueCatView.swift */ = {isa = PBXFileReference; lastKnownFileType = sourcecode.swift; path = PayWallRevenueCatView.swift; sourceTree = "<group>"; };
		F85D8BD62CEF4D67004F052F /* PayWallItemView.swift */ = {isa = PBXFileReference; lastKnownFileType = sourcecode.swift; path = PayWallItemView.swift; sourceTree = "<group>"; };
		F85D8BD82CEF4DD8004F052F /* PayWallModel.swift */ = {isa = PBXFileReference; lastKnownFileType = sourcecode.swift; path = PayWallModel.swift; sourceTree = "<group>"; };
		F870A0FD2C3EE8AF00A71A95 /* CellView.swift */ = {isa = PBXFileReference; lastKnownFileType = sourcecode.swift; path = CellView.swift; sourceTree = "<group>"; };
		F88759BA2CE95F2E0030F496 /* Enum.swift */ = {isa = PBXFileReference; lastKnownFileType = sourcecode.swift; path = Enum.swift; sourceTree = "<group>"; };
		F88759BC2CE9685C0030F496 /* TabBarButtonView.swift */ = {isa = PBXFileReference; lastKnownFileType = sourcecode.swift; path = TabBarButtonView.swift; sourceTree = "<group>"; };
		F88F375A2C39632800B12F8C /* FontColorView.swift */ = {isa = PBXFileReference; lastKnownFileType = sourcecode.swift; path = FontColorView.swift; sourceTree = "<group>"; };
		F89F5C8C2CEA3CFA0019F910 /* en */ = {isa = PBXFileReference; lastKnownFileType = text.json; name = en; path = en.lproj/OnboardingJson.json; sourceTree = "<group>"; };
		F89F5C8E2CEA55150019F910 /* OnboardingItem.swift */ = {isa = PBXFileReference; lastKnownFileType = sourcecode.swift; path = OnboardingItem.swift; sourceTree = "<group>"; };
		F89F5C902CEA556B0019F910 /* OnboardingViewModel.swift */ = {isa = PBXFileReference; lastKnownFileType = sourcecode.swift; path = OnboardingViewModel.swift; sourceTree = "<group>"; };
		F89F5C922CEA56340019F910 /* OnboardingView.swift */ = {isa = PBXFileReference; lastKnownFileType = sourcecode.swift; path = OnboardingView.swift; sourceTree = "<group>"; };
		F89F5C942CEA748C0019F910 /* SettingsView.swift */ = {isa = PBXFileReference; lastKnownFileType = sourcecode.swift; path = SettingsView.swift; sourceTree = "<group>"; };
		F8A27B1D2CA3A0D70045EAA1 /* en */ = {isa = PBXFileReference; lastKnownFileType = text.plist.strings; name = en; path = en.lproj/Localizable.strings; sourceTree = "<group>"; };
		F8A27B1F2CA3A0E40045EAA1 /* fr */ = {isa = PBXFileReference; lastKnownFileType = text.plist.strings; name = fr; path = fr.lproj/Localizable.strings; sourceTree = "<group>"; };
		F8BAA5FD2C44319900F00F52 /* LaunchScreen.storyboard */ = {isa = PBXFileReference; lastKnownFileType = file.storyboard; path = LaunchScreen.storyboard; sourceTree = "<group>"; };
		F8BEC8EC2D01260B00DF6235 /* en-CA */ = {isa = PBXFileReference; lastKnownFileType = text.json; name = "en-CA"; path = "en-CA.lproj/OnboardingJson.json"; sourceTree = "<group>"; };
		F8BEC8ED2D01260B00DF6235 /* en-CA */ = {isa = PBXFileReference; lastKnownFileType = text.plist.strings; name = "en-CA"; path = "en-CA.lproj/Localizable.strings"; sourceTree = "<group>"; };
		F8BEC8EE2D0126CC00DF6235 /* es */ = {isa = PBXFileReference; lastKnownFileType = text.json; name = es; path = es.lproj/OnboardingJson.json; sourceTree = "<group>"; };
		F8BEC8EF2D0126CC00DF6235 /* es */ = {isa = PBXFileReference; lastKnownFileType = text.plist.strings; name = es; path = es.lproj/Localizable.strings; sourceTree = "<group>"; };
		F8C2C0BE2CEB7A300054DA1A /* AlerteView.swift */ = {isa = PBXFileReference; lastKnownFileType = sourcecode.swift; path = AlerteView.swift; sourceTree = "<group>"; };
		F8C2C0C52CEBF5F00054DA1A /* ButtonPlusView.swift */ = {isa = PBXFileReference; lastKnownFileType = sourcecode.swift; path = ButtonPlusView.swift; sourceTree = "<group>"; };
		F8C3504C2CF14CD9004E62B8 /* nl */ = {isa = PBXFileReference; lastKnownFileType = text.json; name = nl; path = nl.lproj/OnboardingJson.json; sourceTree = "<group>"; };
		F8C3504D2CF14CD9004E62B8 /* nl */ = {isa = PBXFileReference; lastKnownFileType = text.plist.strings; name = nl; path = nl.lproj/Localizable.strings; sourceTree = "<group>"; };
		F8C3504E2CF14CE3004E62B8 /* de */ = {isa = PBXFileReference; lastKnownFileType = text.json; name = de; path = de.lproj/OnboardingJson.json; sourceTree = "<group>"; };
		F8C3504F2CF14CE3004E62B8 /* de */ = {isa = PBXFileReference; lastKnownFileType = text.plist.strings; name = de; path = de.lproj/Localizable.strings; sourceTree = "<group>"; };
		F8C350532CF14D5A004E62B8 /* en-AU */ = {isa = PBXFileReference; lastKnownFileType = text.json; name = "en-AU"; path = "en-AU.lproj/OnboardingJson.json"; sourceTree = "<group>"; };
		F8C350542CF14D5A004E62B8 /* en-AU */ = {isa = PBXFileReference; lastKnownFileType = text.plist.strings; name = "en-AU"; path = "en-AU.lproj/Localizable.strings"; sourceTree = "<group>"; };
		F8C350552CF14D64004E62B8 /* en-GB */ = {isa = PBXFileReference; lastKnownFileType = text.json; name = "en-GB"; path = "en-GB.lproj/OnboardingJson.json"; sourceTree = "<group>"; };
		F8C350562CF14D7D004E62B8 /* zh-Hant */ = {isa = PBXFileReference; lastKnownFileType = text.json; name = "zh-Hant"; path = "zh-Hant.lproj/OnboardingJson.json"; sourceTree = "<group>"; };
		F8C350572CF14D7D004E62B8 /* zh-Hant */ = {isa = PBXFileReference; lastKnownFileType = text.plist.strings; name = "zh-Hant"; path = "zh-Hant.lproj/Localizable.strings"; sourceTree = "<group>"; };
		F8C350582CF14DB7004E62B8 /* pt-PT */ = {isa = PBXFileReference; lastKnownFileType = text.json; name = "pt-PT"; path = "pt-PT.lproj/OnboardingJson.json"; sourceTree = "<group>"; };
		F8C350592CF14DB7004E62B8 /* pt-PT */ = {isa = PBXFileReference; lastKnownFileType = text.plist.strings; name = "pt-PT"; path = "pt-PT.lproj/Localizable.strings"; sourceTree = "<group>"; };
		F8C3505A2CF14DC2004E62B8 /* it */ = {isa = PBXFileReference; lastKnownFileType = text.json; name = it; path = it.lproj/OnboardingJson.json; sourceTree = "<group>"; };
		F8C3505B2CF14DC2004E62B8 /* it */ = {isa = PBXFileReference; lastKnownFileType = text.plist.strings; name = it; path = it.lproj/Localizable.strings; sourceTree = "<group>"; };
		F8C3505C2CF14DCD004E62B8 /* ja */ = {isa = PBXFileReference; lastKnownFileType = text.json; name = ja; path = ja.lproj/OnboardingJson.json; sourceTree = "<group>"; };
		F8C3505D2CF14DCD004E62B8 /* ja */ = {isa = PBXFileReference; lastKnownFileType = text.plist.strings; name = ja; path = ja.lproj/Localizable.strings; sourceTree = "<group>"; };
		F8C350602CF14E1A004E62B8 /* zh-Hans */ = {isa = PBXFileReference; lastKnownFileType = text.json; name = "zh-Hans"; path = "zh-Hans.lproj/OnboardingJson.json"; sourceTree = "<group>"; };
		F8C350612CF14E1B004E62B8 /* zh-Hans */ = {isa = PBXFileReference; lastKnownFileType = text.plist.strings; name = "zh-Hans"; path = "zh-Hans.lproj/Localizable.strings"; sourceTree = "<group>"; };
		F8C944262C2DD0F70024D7EA /* HideKeyboardExtension.swift */ = {isa = PBXFileReference; lastKnownFileType = sourcecode.swift; path = HideKeyboardExtension.swift; sourceTree = "<group>"; };
		F8CB952F2C37640600D6F3E8 /* NewTaskView.swift */ = {isa = PBXFileReference; lastKnownFileType = sourcecode.swift; path = NewTaskView.swift; sourceTree = "<group>"; };
		F8E1DE2C2C4ED44C00F87061 /* infosModel.swift */ = {isa = PBXFileReference; lastKnownFileType = sourcecode.swift; path = infosModel.swift; sourceTree = "<group>"; };
		F8E1DE2E2C4EE86200F87061 /* TextInfosView.swift */ = {isa = PBXFileReference; lastKnownFileType = sourcecode.swift; path = TextInfosView.swift; sourceTree = "<group>"; };
		F8E466DC2C919B4D003DA67E /* CheckboxView.swift */ = {isa = PBXFileReference; lastKnownFileType = sourcecode.swift; path = CheckboxView.swift; sourceTree = "<group>"; };
		F8EC0A7D2CB03DBF00620B91 /* Dozz.entitlements */ = {isa = PBXFileReference; lastKnownFileType = text.plist.entitlements; path = Dozz.entitlements; sourceTree = "<group>"; };
		F8F7C39E2C38BBB40090532F /* SelectedFruitsIView.swift */ = {isa = PBXFileReference; lastKnownFileType = sourcecode.swift; path = SelectedFruitsIView.swift; sourceTree = "<group>"; };
		F8F8947A2CE6C15700D8DCBB /* CustomTabBarView.swift */ = {isa = PBXFileReference; lastKnownFileType = sourcecode.swift; path = CustomTabBarView.swift; sourceTree = "<group>"; };
/* End PBXFileReference section */

/* Begin PBXFrameworksBuildPhase section */
		F81DFB762C2C697300D56AA4 /* Frameworks */ = {
			isa = PBXFrameworksBuildPhase;
			buildActionMask = 2147483647;
			files = (
			);
			runOnlyForDeploymentPostprocessing = 0;
		};
/* End PBXFrameworksBuildPhase section */

/* Begin PBXGroup section */
		F81DFB702C2C697300D56AA4 = {
			isa = PBXGroup;
			children = (
				F81DFB7B2C2C697300D56AA4 /* Dozz */,
				F81DFB7A2C2C697300D56AA4 /* Products */,
			);
			sourceTree = "<group>";
		};
		F81DFB7A2C2C697300D56AA4 /* Products */ = {
			isa = PBXGroup;
			children = (
				F81DFB792C2C697300D56AA4 /* Dozz.app */,
			);
			name = Products;
			sourceTree = "<group>";
		};
		F81DFB7B2C2C697300D56AA4 /* Dozz */ = {
			isa = PBXGroup;
			children = (
				F8EC0A7D2CB03DBF00620B91 /* Dozz.entitlements */,
				F81DFB962C2C776F00D56AA4 /* App */,
				F81DFB922C2C772300D56AA4 /* Views */,
				F8CB952E2C3763CB00D6F3E8 /* Composant */,
				F81DFB982C2C77AA00D56AA4 /* Model */,
				F81DFB942C2C774D00D56AA4 /* Utility */,
				F81DFB802C2C697600D56AA4 /* Assets.xcassets */,
				F81DFB932C2C773D00D56AA4 /* Style */,
				F8A27B192CA3A05C0045EAA1 /* Langue */,
				F88759B72CE938A10030F496 /* Custom */,
				F81DFB8F2C2C6AA900D56AA4 /* Extension */,
				F81DFB822C2C697600D56AA4 /* Preview Content */,
			);
			path = Dozz;
			sourceTree = "<group>";
		};
		F81DFB822C2C697600D56AA4 /* Preview Content */ = {
			isa = PBXGroup;
			children = (
				F81DFB832C2C697600D56AA4 /* Preview Assets.xcassets */,
			);
			path = "Preview Content";
			sourceTree = "<group>";
		};
		F81DFB8F2C2C6AA900D56AA4 /* Extension */ = {
			isa = PBXGroup;
			children = (
				F81DFB902C2C6ADB00D56AA4 /* extensionColor.swift */,
				F8C944262C2DD0F70024D7EA /* HideKeyboardExtension.swift */,
			);
			path = Extension;
			sourceTree = "<group>";
		};
		F81DFB922C2C772300D56AA4 /* Views */ = {
			isa = PBXGroup;
			children = (
				F8096F2D2CE9FD410017A861 /* MainView.swift */,
				F81DFB7E2C2C697300D56AA4 /* HomeView.swift */,
				F89F5C942CEA748C0019F910 /* SettingsView.swift */,
				F826B6F52CEEA068001958F7 /* InfosView.swift */,
				F85D8BD42CEF4AF3004F052F /* PayWallRevenueCatView.swift */,
			);
			path = Views;
			sourceTree = "<group>";
		};
		F81DFB932C2C773D00D56AA4 /* Style */ = {
			isa = PBXGroup;
			children = (
				F88F375A2C39632800B12F8C /* FontColorView.swift */,
				F8E466DC2C919B4D003DA67E /* CheckboxView.swift */,
			);
			path = Style;
			sourceTree = "<group>";
		};
		F81DFB942C2C774D00D56AA4 /* Utility */ = {
			isa = PBXGroup;
			children = (
				F81DFBC82C2CB62500D56AA4 /* Constant.swift */,
			);
			path = Utility;
			sourceTree = "<group>";
		};
		F81DFB962C2C776F00D56AA4 /* App */ = {
			isa = PBXGroup;
			children = (
				F89F5C8A2CEA3CA50019F910 /* Onboarding */,
				F8BAA5FD2C44319900F00F52 /* LaunchScreen.storyboard */,
				F81DFB7C2C2C697300D56AA4 /* DozzApp.swift */,
			);
			path = App;
			sourceTree = "<group>";
		};
		F81DFB982C2C77AA00D56AA4 /* Model */ = {
			isa = PBXGroup;
			children = (
				F81DFBC62C2CAAE500D56AA4 /* Persistence.swift */,
				F85D8BD82CEF4DD8004F052F /* PayWallModel.swift */,
				F8E1DE2C2C4ED44C00F87061 /* infosModel.swift */,
				F81DFB872C2C697600D56AA4 /* Dozz.xcdatamodeld */,
			);
			path = Model;
			sourceTree = "<group>";
		};
		F88759B72CE938A10030F496 /* Custom */ = {
			isa = PBXGroup;
			children = (
				F88759BA2CE95F2E0030F496 /* Enum.swift */,
				F8F8947A2CE6C15700D8DCBB /* CustomTabBarView.swift */,
				F88759BC2CE9685C0030F496 /* TabBarButtonView.swift */,
				F8C2C0BE2CEB7A300054DA1A /* AlerteView.swift */,
				F8C2C0C52CEBF5F00054DA1A /* ButtonPlusView.swift */,
			);
			path = Custom;
			sourceTree = "<group>";
		};
		F89F5C8A2CEA3CA50019F910 /* Onboarding */ = {
			isa = PBXGroup;
			children = (
				F89F5C8B2CEA3CFA0019F910 /* OnboardingJson.json */,
				F89F5C8E2CEA55150019F910 /* OnboardingItem.swift */,
				F89F5C902CEA556B0019F910 /* OnboardingViewModel.swift */,
				F89F5C922CEA56340019F910 /* OnboardingView.swift */,
			);
			path = Onboarding;
			sourceTree = "<group>";
		};
		F8A27B192CA3A05C0045EAA1 /* Langue */ = {
			isa = PBXGroup;
			children = (
				F8A27B1C2CA3A0D70045EAA1 /* Localizable.strings */,
			);
			path = Langue;
			sourceTree = "<group>";
		};
		F8CB952E2C3763CB00D6F3E8 /* Composant */ = {
			isa = PBXGroup;
			children = (
				F8CB952F2C37640600D6F3E8 /* NewTaskView.swift */,
				F8F7C39E2C38BBB40090532F /* SelectedFruitsIView.swift */,
				F870A0FD2C3EE8AF00A71A95 /* CellView.swift */,
				F8E1DE2E2C4EE86200F87061 /* TextInfosView.swift */,
				F85D8BD62CEF4D67004F052F /* PayWallItemView.swift */,
			);
			path = Composant;
			sourceTree = "<group>";
		};
/* End PBXGroup section */

/* Begin PBXNativeTarget section */
		F81DFB782C2C697300D56AA4 /* Dozz */ = {
			isa = PBXNativeTarget;
			buildConfigurationList = F81DFB8C2C2C697600D56AA4 /* Build configuration list for PBXNativeTarget "Dozz" */;
			buildPhases = (
				F81DFB752C2C697300D56AA4 /* Sources */,
				F81DFB762C2C697300D56AA4 /* Frameworks */,
				F81DFB772C2C697300D56AA4 /* Resources */,
			);
			buildRules = (
			);
			dependencies = (
			);
			name = Dozz;
			productName = Dozz;
			productReference = F81DFB792C2C697300D56AA4 /* Dozz.app */;
			productType = "com.apple.product-type.application";
		};
/* End PBXNativeTarget section */

/* Begin PBXProject section */
		F81DFB712C2C697300D56AA4 /* Project object */ = {
			isa = PBXProject;
			attributes = {
				BuildIndependentTargetsInParallel = 1;
				LastSwiftUpdateCheck = 1540;
				LastUpgradeCheck = 1600;
				TargetAttributes = {
					F81DFB782C2C697300D56AA4 = {
						CreatedOnToolsVersion = 15.4;
					};
				};
			};
			buildConfigurationList = F81DFB742C2C697300D56AA4 /* Build configuration list for PBXProject "Dozz" */;
			compatibilityVersion = "Xcode 14.0";
			developmentRegion = en;
			hasScannedForEncodings = 0;
			knownRegions = (
				en,
				fr,
				nl,
				de,
				"en-AU",
				"en-GB",
				"zh-Hant",
				"pt-PT",
				it,
				ja,
				"zh-Hans",
				"en-CA",
				es,
				"fr-CA",
				Base,
			);
			mainGroup = F81DFB702C2C697300D56AA4;
			packageReferences = (
			);
			productRefGroup = F81DFB7A2C2C697300D56AA4 /* Products */;
			projectDirPath = "";
			projectRoot = "";
			targets = (
				F81DFB782C2C697300D56AA4 /* Dozz */,
			);
		};
/* End PBXProject section */

/* Begin PBXResourcesBuildPhase section */
		F81DFB772C2C697300D56AA4 /* Resources */ = {
			isa = PBXResourcesBuildPhase;
			buildActionMask = 2147483647;
			files = (
				F8BAA5FE2C44319A00F00F52 /* LaunchScreen.storyboard in Resources */,
				F8A27B1E2CA3A0D70045EAA1 /* Localizable.strings in Resources */,
				F81DFB842C2C697600D56AA4 /* Preview Assets.xcassets in Resources */,
				F89F5C8D2CEA3CFA0019F910 /* OnboardingJson.json in Resources */,
				F81DFB812C2C697600D56AA4 /* Assets.xcassets in Resources */,
			);
			runOnlyForDeploymentPostprocessing = 0;
		};
/* End PBXResourcesBuildPhase section */

/* Begin PBXSourcesBuildPhase section */
		F81DFB752C2C697300D56AA4 /* Sources */ = {
			isa = PBXSourcesBuildPhase;
			buildActionMask = 2147483647;
			files = (
				F81DFB892C2C697600D56AA4 /* Dozz.xcdatamodeld in Sources */,
				F89F5C952CEA748C0019F910 /* SettingsView.swift in Sources */,
				F81DFB7F2C2C697300D56AA4 /* HomeView.swift in Sources */,
				F8C2C0BF2CEB7A300054DA1A /* AlerteView.swift in Sources */,
				F8C944272C2DD0F70024D7EA /* HideKeyboardExtension.swift in Sources */,
				F8C2C0C62CEBF5F00054DA1A /* ButtonPlusView.swift in Sources */,
				F8F8947B2CE6C15700D8DCBB /* CustomTabBarView.swift in Sources */,
				F826B6F62CEEA068001958F7 /* InfosView.swift in Sources */,
				F8E466DD2C919B4D003DA67E /* CheckboxView.swift in Sources */,
				F8F7C39F2C38BBB40090532F /* SelectedFruitsIView.swift in Sources */,
				F81DFB7D2C2C697300D56AA4 /* DozzApp.swift in Sources */,
				F88759BD2CE9685C0030F496 /* TabBarButtonView.swift in Sources */,
				F85D8BD52CEF4AF3004F052F /* PayWallRevenueCatView.swift in Sources */,
				F8CB95302C37640600D6F3E8 /* NewTaskView.swift in Sources */,
				F8E1DE2D2C4ED44C00F87061 /* infosModel.swift in Sources */,
				F81DFB912C2C6ADB00D56AA4 /* extensionColor.swift in Sources */,
				F88F375B2C39632800B12F8C /* FontColorView.swift in Sources */,
				F8096F2E2CE9FD410017A861 /* MainView.swift in Sources */,
				F88759BB2CE95F310030F496 /* Enum.swift in Sources */,
				F870A0FE2C3EE8AF00A71A95 /* CellView.swift in Sources */,
				F81DFBC72C2CAAE500D56AA4 /* Persistence.swift in Sources */,
				F89F5C8F2CEA55150019F910 /* OnboardingItem.swift in Sources */,
				F8E1DE2F2C4EE86200F87061 /* TextInfosView.swift in Sources */,
				F89F5C912CEA556B0019F910 /* OnboardingViewModel.swift in Sources */,
				F85D8BD72CEF4D67004F052F /* PayWallItemView.swift in Sources */,
				F85D8BD92CEF4DD8004F052F /* PayWallModel.swift in Sources */,
				F81DFBC92C2CB62500D56AA4 /* Constant.swift in Sources */,
				F89F5C932CEA56340019F910 /* OnboardingView.swift in Sources */,
			);
			runOnlyForDeploymentPostprocessing = 0;
		};
/* End PBXSourcesBuildPhase section */

/* Begin PBXVariantGroup section */
		F89F5C8B2CEA3CFA0019F910 /* OnboardingJson.json */ = {
			isa = PBXVariantGroup;
			children = (
				F89F5C8C2CEA3CFA0019F910 /* en */,
				F8C3504C2CF14CD9004E62B8 /* nl */,
				F8C3504E2CF14CE3004E62B8 /* de */,
				F8C350532CF14D5A004E62B8 /* en-AU */,
				F8C350552CF14D64004E62B8 /* en-GB */,
				F8C350562CF14D7D004E62B8 /* zh-Hant */,
				F8C350582CF14DB7004E62B8 /* pt-PT */,
				F8C3505A2CF14DC2004E62B8 /* it */,
				F8C3505C2CF14DCD004E62B8 /* ja */,
				F8C350602CF14E1A004E62B8 /* zh-Hans */,
				F8BEC8EC2D01260B00DF6235 /* en-CA */,
				F8BEC8EE2D0126CC00DF6235 /* es */,
			);
			name = OnboardingJson.json;
			sourceTree = "<group>";
		};
		F8A27B1C2CA3A0D70045EAA1 /* Localizable.strings */ = {
			isa = PBXVariantGroup;
			children = (
				F8A27B1D2CA3A0D70045EAA1 /* en */,
				F8A27B1F2CA3A0E40045EAA1 /* fr */,
				F8C3504D2CF14CD9004E62B8 /* nl */,
				F8C3504F2CF14CE3004E62B8 /* de */,
				F8C350542CF14D5A004E62B8 /* en-AU */,
				F8C350572CF14D7D004E62B8 /* zh-Hant */,
				F8C350592CF14DB7004E62B8 /* pt-PT */,
				F8C3505B2CF14DC2004E62B8 /* it */,
				F8C3505D2CF14DCD004E62B8 /* ja */,
				F8C350612CF14E1B004E62B8 /* zh-Hans */,
				F8BEC8ED2D01260B00DF6235 /* en-CA */,
				F8BEC8EF2D0126CC00DF6235 /* es */,
			);
			name = Localizable.strings;
			sourceTree = "<group>";
		};
/* End PBXVariantGroup section */

/* Begin XCBuildConfiguration section */
		F81DFB8A2C2C697600D56AA4 /* Debug */ = {
			isa = XCBuildConfiguration;
			buildSettings = {
				ALWAYS_SEARCH_USER_PATHS = NO;
				ASSETCATALOG_COMPILER_GENERATE_SWIFT_ASSET_SYMBOL_EXTENSIONS = YES;
				CLANG_ANALYZER_LOCALIZABILITY_NONLOCALIZED = YES;
				CLANG_ANALYZER_NONNULL = YES;
				CLANG_ANALYZER_NUMBER_OBJECT_CONVERSION = YES_AGGRESSIVE;
				CLANG_CXX_LANGUAGE_STANDARD = "gnu++20";
				CLANG_ENABLE_MODULES = YES;
				CLANG_ENABLE_OBJC_ARC = YES;
				CLANG_ENABLE_OBJC_WEAK = YES;
				CLANG_WARN_BLOCK_CAPTURE_AUTORELEASING = YES;
				CLANG_WARN_BOOL_CONVERSION = YES;
				CLANG_WARN_COMMA = YES;
				CLANG_WARN_CONSTANT_CONVERSION = YES;
				CLANG_WARN_DEPRECATED_OBJC_IMPLEMENTATIONS = YES;
				CLANG_WARN_DIRECT_OBJC_ISA_USAGE = YES_ERROR;
				CLANG_WARN_DOCUMENTATION_COMMENTS = YES;
				CLANG_WARN_EMPTY_BODY = YES;
				CLANG_WARN_ENUM_CONVERSION = YES;
				CLANG_WARN_INFINITE_RECURSION = YES;
				CLANG_WARN_INT_CONVERSION = YES;
				CLANG_WARN_NON_LITERAL_NULL_CONVERSION = YES;
				CLANG_WARN_OBJC_IMPLICIT_RETAIN_SELF = YES;
				CLANG_WARN_OBJC_LITERAL_CONVERSION = YES;
				CLANG_WARN_OBJC_ROOT_CLASS = YES_ERROR;
				CLANG_WARN_QUOTED_INCLUDE_IN_FRAMEWORK_HEADER = YES;
				CLANG_WARN_RANGE_LOOP_ANALYSIS = YES;
				CLANG_WARN_STRICT_PROTOTYPES = YES;
				CLANG_WARN_SUSPICIOUS_MOVE = YES;
				CLANG_WARN_UNGUARDED_AVAILABILITY = YES_AGGRESSIVE;
				CLANG_WARN_UNREACHABLE_CODE = YES;
				CLANG_WARN__DUPLICATE_METHOD_MATCH = YES;
				COPY_PHASE_STRIP = NO;
				DEBUG_INFORMATION_FORMAT = dwarf;
				ENABLE_STRICT_OBJC_MSGSEND = YES;
				ENABLE_TESTABILITY = YES;
				ENABLE_USER_SCRIPT_SANDBOXING = YES;
				GCC_C_LANGUAGE_STANDARD = gnu17;
				GCC_DYNAMIC_NO_PIC = NO;
				GCC_NO_COMMON_BLOCKS = YES;
				GCC_OPTIMIZATION_LEVEL = 0;
				GCC_PREPROCESSOR_DEFINITIONS = (
					"DEBUG=1",
					"$(inherited)",
				);
				GCC_WARN_64_TO_32_BIT_CONVERSION = YES;
				GCC_WARN_ABOUT_RETURN_TYPE = YES_ERROR;
				GCC_WARN_UNDECLARED_SELECTOR = YES;
				GCC_WARN_UNINITIALIZED_AUTOS = YES_AGGRESSIVE;
				GCC_WARN_UNUSED_FUNCTION = YES;
				GCC_WARN_UNUSED_VARIABLE = YES;
				IPHONEOS_DEPLOYMENT_TARGET = 17.5;
				LOCALIZATION_PREFERS_STRING_CATALOGS = YES;
				MTL_ENABLE_DEBUG_INFO = INCLUDE_SOURCE;
				MTL_FAST_MATH = YES;
				ONLY_ACTIVE_ARCH = YES;
				SDKROOT = iphoneos;
				SWIFT_ACTIVE_COMPILATION_CONDITIONS = "DEBUG $(inherited)";
				SWIFT_OPTIMIZATION_LEVEL = "-Onone";
			};
			name = Debug;
		};
		F81DFB8B2C2C697600D56AA4 /* Release */ = {
			isa = XCBuildConfiguration;
			buildSettings = {
				ALWAYS_SEARCH_USER_PATHS = NO;
				ASSETCATALOG_COMPILER_GENERATE_SWIFT_ASSET_SYMBOL_EXTENSIONS = YES;
				CLANG_ANALYZER_LOCALIZABILITY_NONLOCALIZED = YES;
				CLANG_ANALYZER_NONNULL = YES;
				CLANG_ANALYZER_NUMBER_OBJECT_CONVERSION = YES_AGGRESSIVE;
				CLANG_CXX_LANGUAGE_STANDARD = "gnu++20";
				CLANG_ENABLE_MODULES = YES;
				CLANG_ENABLE_OBJC_ARC = YES;
				CLANG_ENABLE_OBJC_WEAK = YES;
				CLANG_WARN_BLOCK_CAPTURE_AUTORELEASING = YES;
				CLANG_WARN_BOOL_CONVERSION = YES;
				CLANG_WARN_COMMA = YES;
				CLANG_WARN_CONSTANT_CONVERSION = YES;
				CLANG_WARN_DEPRECATED_OBJC_IMPLEMENTATIONS = YES;
				CLANG_WARN_DIRECT_OBJC_ISA_USAGE = YES_ERROR;
				CLANG_WARN_DOCUMENTATION_COMMENTS = YES;
				CLANG_WARN_EMPTY_BODY = YES;
				CLANG_WARN_ENUM_CONVERSION = YES;
				CLANG_WARN_INFINITE_RECURSION = YES;
				CLANG_WARN_INT_CONVERSION = YES;
				CLANG_WARN_NON_LITERAL_NULL_CONVERSION = YES;
				CLANG_WARN_OBJC_IMPLICIT_RETAIN_SELF = YES;
				CLANG_WARN_OBJC_LITERAL_CONVERSION = YES;
				CLANG_WARN_OBJC_ROOT_CLASS = YES_ERROR;
				CLANG_WARN_QUOTED_INCLUDE_IN_FRAMEWORK_HEADER = YES;
				CLANG_WARN_RANGE_LOOP_ANALYSIS = YES;
				CLANG_WARN_STRICT_PROTOTYPES = YES;
				CLANG_WARN_SUSPICIOUS_MOVE = YES;
				CLANG_WARN_UNGUARDED_AVAILABILITY = YES_AGGRESSIVE;
				CLANG_WARN_UNREACHABLE_CODE = YES;
				CLANG_WARN__DUPLICATE_METHOD_MATCH = YES;
				COPY_PHASE_STRIP = NO;
				DEBUG_INFORMATION_FORMAT = "dwarf-with-dsym";
				ENABLE_NS_ASSERTIONS = NO;
				ENABLE_STRICT_OBJC_MSGSEND = YES;
				ENABLE_USER_SCRIPT_SANDBOXING = YES;
				GCC_C_LANGUAGE_STANDARD = gnu17;
				GCC_NO_COMMON_BLOCKS = YES;
				GCC_WARN_64_TO_32_BIT_CONVERSION = YES;
				GCC_WARN_ABOUT_RETURN_TYPE = YES_ERROR;
				GCC_WARN_UNDECLARED_SELECTOR = YES;
				GCC_WARN_UNINITIALIZED_AUTOS = YES_AGGRESSIVE;
				GCC_WARN_UNUSED_FUNCTION = YES;
				GCC_WARN_UNUSED_VARIABLE = YES;
				IPHONEOS_DEPLOYMENT_TARGET = 17.5;
				LOCALIZATION_PREFERS_STRING_CATALOGS = YES;
				MTL_ENABLE_DEBUG_INFO = NO;
				MTL_FAST_MATH = YES;
				SDKROOT = iphoneos;
				SWIFT_COMPILATION_MODE = wholemodule;
				VALIDATE_PRODUCT = YES;
			};
			name = Release;
		};
		F81DFB8D2C2C697600D56AA4 /* Debug */ = {
			isa = XCBuildConfiguration;
			buildSettings = {
				ASSETCATALOG_COMPILER_APPICON_NAME = AppIcon;
				ASSETCATALOG_COMPILER_GLOBAL_ACCENT_COLOR_NAME = AccentColor;
				ASSETCATALOG_COMPILER_INCLUDE_ALL_APPICON_ASSETS = YES;
				CODE_SIGN_ENTITLEMENTS = Dozz/Dozz.entitlements;
				CODE_SIGN_STYLE = Automatic;
				CURRENT_PROJECT_VERSION = 1;
				DEVELOPMENT_ASSET_PATHS = "\"Dozz/Preview Content\"";
				DEVELOPMENT_TEAM = KRUHW4V9N9;
				ENABLE_PREVIEWS = YES;
				GENERATE_INFOPLIST_FILE = YES;
				INFOPLIST_FILE = Dozz/Info.plist;
				INFOPLIST_KEY_UIApplicationSceneManifest_Generation = YES;
				INFOPLIST_KEY_UIApplicationSupportsIndirectInputEvents = YES;
				INFOPLIST_KEY_UILaunchStoryboardName = LaunchScreen.storyboard;
				INFOPLIST_KEY_UIRequiresFullScreen = YES;
				INFOPLIST_KEY_UISupportedInterfaceOrientations = "UIInterfaceOrientationPortrait UIInterfaceOrientationPortraitUpsideDown";
				IPHONEOS_DEPLOYMENT_TARGET = 17.0;
				"IPHONEOS_DEPLOYMENT_TARGET[sdk=iphoneos*]" = 16.0;
				LD_RUNPATH_SEARCH_PATHS = (
					"$(inherited)",
					"@executable_path/Frameworks",
				);
				MARKETING_VERSION = 1.0;
				PRODUCT_BUNDLE_IDENTIFIER = com.Dozz;
				PRODUCT_NAME = "$(TARGET_NAME)";
				SUPPORTED_PLATFORMS = "iphoneos iphonesimulator";
				SUPPORTS_MACCATALYST = NO;
				SUPPORTS_MAC_DESIGNED_FOR_IPHONE_IPAD = NO;
				SUPPORTS_XR_DESIGNED_FOR_IPHONE_IPAD = NO;
				SWIFT_EMIT_LOC_STRINGS = YES;
				SWIFT_VERSION = 5.0;
				TARGETED_DEVICE_FAMILY = 1;
			};
			name = Debug;
		};
		F81DFB8E2C2C697600D56AA4 /* Release */ = {
			isa = XCBuildConfiguration;
			buildSettings = {
				ASSETCATALOG_COMPILER_APPICON_NAME = AppIcon;
				ASSETCATALOG_COMPILER_GLOBAL_ACCENT_COLOR_NAME = AccentColor;
				ASSETCATALOG_COMPILER_INCLUDE_ALL_APPICON_ASSETS = YES;
				CODE_SIGN_ENTITLEMENTS = Dozz/Dozz.entitlements;
				CODE_SIGN_STYLE = Automatic;
				CURRENT_PROJECT_VERSION = 1;
				DEVELOPMENT_ASSET_PATHS = "\"Dozz/Preview Content\"";
				DEVELOPMENT_TEAM = KRUHW4V9N9;
				ENABLE_PREVIEWS = YES;
				GENERATE_INFOPLIST_FILE = YES;
				INFOPLIST_FILE = Dozz/Info.plist;
				INFOPLIST_KEY_UIApplicationSceneManifest_Generation = YES;
				INFOPLIST_KEY_UIApplicationSupportsIndirectInputEvents = YES;
				INFOPLIST_KEY_UILaunchStoryboardName = LaunchScreen.storyboard;
				INFOPLIST_KEY_UIRequiresFullScreen = YES;
				INFOPLIST_KEY_UISupportedInterfaceOrientations = "UIInterfaceOrientationPortrait UIInterfaceOrientationPortraitUpsideDown";
				IPHONEOS_DEPLOYMENT_TARGET = 17.0;
				"IPHONEOS_DEPLOYMENT_TARGET[sdk=iphoneos*]" = 16.0;
				LD_RUNPATH_SEARCH_PATHS = (
					"$(inherited)",
					"@executable_path/Frameworks",
				);
				MARKETING_VERSION = 1.0;
				PRODUCT_BUNDLE_IDENTIFIER = com.Dozz;
				PRODUCT_NAME = "$(TARGET_NAME)";
				SUPPORTED_PLATFORMS = "iphoneos iphonesimulator";
				SUPPORTS_MACCATALYST = NO;
				SUPPORTS_MAC_DESIGNED_FOR_IPHONE_IPAD = NO;
				SUPPORTS_XR_DESIGNED_FOR_IPHONE_IPAD = NO;
				SWIFT_EMIT_LOC_STRINGS = YES;
				SWIFT_VERSION = 5.0;
				TARGETED_DEVICE_FAMILY = 1;
			};
			name = Release;
		};
/* End XCBuildConfiguration section */

/* Begin XCConfigurationList section */
		F81DFB742C2C697300D56AA4 /* Build configuration list for PBXProject "Dozz" */ = {
			isa = XCConfigurationList;
			buildConfigurations = (
				F81DFB8A2C2C697600D56AA4 /* Debug */,
				F81DFB8B2C2C697600D56AA4 /* Release */,
			);
			defaultConfigurationIsVisible = 0;
			defaultConfigurationName = Release;
		};
		F81DFB8C2C2C697600D56AA4 /* Build configuration list for PBXNativeTarget "Dozz" */ = {
			isa = XCConfigurationList;
			buildConfigurations = (
				F81DFB8D2C2C697600D56AA4 /* Debug */,
				F81DFB8E2C2C697600D56AA4 /* Release */,
			);
			defaultConfigurationIsVisible = 0;
			defaultConfigurationName = Release;
		};
/* End XCConfigurationList section */

/* Begin XCVersionGroup section */
		F81DFB872C2C697600D56AA4 /* Dozz.xcdatamodeld */ = {
			isa = XCVersionGroup;
			children = (
				F81DFB882C2C697600D56AA4 /* Dozz.xcdatamodel */,
			);
			currentVersion = F81DFB882C2C697600D56AA4 /* Dozz.xcdatamodel */;
			path = Dozz.xcdatamodeld;
			sourceTree = "<group>";
			versionGroupType = wrapper.xcdatamodel;
		};
/* End XCVersionGroup section */
	};
	rootObject = F81DFB712C2C697300D56AA4 /* Project object */;
}
