// !$*UTF8*$!
{
	archiveVersion = 1;
	classes = {
	};
	objectVersion = 56;
	objects = {

/* Begin PBXBuildFile section */
		F81DFB7D2C2C697300D56AA4 /* DozzApp.swift in Sources */ = {isa = PBXBuildFile; fileRef = F81DFB7C2C2C697300D56AA4 /* DozzApp.swift */; };
		F81DFB7F2C2C697300D56AA4 /* HomeView.swift in Sources */ = {isa = PBXBuildFile; fileRef = F81DFB7E2C2C697300D56AA4 /* HomeView.swift */; };
		F81DFB812C2C697600D56AA4 /* Assets.xcassets in Resources */ = {isa = PBXBuildFile; fileRef = F81DFB802C2C697600D56AA4 /* Assets.xcassets */; };
		F81DFB842C2C697600D56AA4 /* Preview Assets.xcassets in Resources */ = {isa = PBXBuildFile; fileRef = F81DFB832C2C697600D56AA4 /* Preview Assets.xcassets */; };
		F81DFB892C2C697600D56AA4 /* Dozz.xcdatamodeld in Sources */ = {isa = PBXBuildFile; fileRef = F81DFB872C2C697600D56AA4 /* Dozz.xcdatamodeld */; };
		F81DFB912C2C6ADB00D56AA4 /* extensionColor.swift in Sources */ = {isa = PBXBuildFile; fileRef = F81DFB902C2C6ADB00D56AA4 /* extensionColor.swift */; };
		F81DFB9A2C2C7A5F00D56AA4 /* LaunchScreen.storyboard in Resources */ = {isa = PBXBuildFile; fileRef = F81DFB992C2C7A5F00D56AA4 /* LaunchScreen.storyboard */; };
		F81DFBC72C2CAAE500D56AA4 /* Persistence.swift in Sources */ = {isa = PBXBuildFile; fileRef = F81DFBC62C2CAAE500D56AA4 /* Persistence.swift */; };
		F81DFBC92C2CB62500D56AA4 /* Constant.swift in Sources */ = {isa = PBXBuildFile; fileRef = F81DFBC82C2CB62500D56AA4 /* Constant.swift */; };
		F8C944272C2DD0F70024D7EA /* HideKeyboardExtension.swift in Sources */ = {isa = PBXBuildFile; fileRef = F8C944262C2DD0F70024D7EA /* HideKeyboardExtension.swift */; };
		F8CB95302C37640600D6F3E8 /* NewTaskView.swift in Sources */ = {isa = PBXBuildFile; fileRef = F8CB952F2C37640600D6F3E8 /* NewTaskView.swift */; };
		F8F7C39F2C38BBB40090532F /* SelectedFruitsIView.swift in Sources */ = {isa = PBXBuildFile; fileRef = F8F7C39E2C38BBB40090532F /* SelectedFruitsIView.swift */; };
/* End PBXBuildFile section */

/* Begin PBXFileReference section */
		F81DFB792C2C697300D56AA4 /* Dozz.app */ = {isa = PBXFileReference; explicitFileType = wrapper.application; includeInIndex = 0; path = Dozz.app; sourceTree = BUILT_PRODUCTS_DIR; };
		F81DFB7C2C2C697300D56AA4 /* DozzApp.swift */ = {isa = PBXFileReference; lastKnownFileType = sourcecode.swift; path = DozzApp.swift; sourceTree = "<group>"; };
		F81DFB7E2C2C697300D56AA4 /* HomeView.swift */ = {isa = PBXFileReference; lastKnownFileType = sourcecode.swift; path = HomeView.swift; sourceTree = "<group>"; };
		F81DFB802C2C697600D56AA4 /* Assets.xcassets */ = {isa = PBXFileReference; lastKnownFileType = folder.assetcatalog; path = Assets.xcassets; sourceTree = "<group>"; };
		F81DFB832C2C697600D56AA4 /* Preview Assets.xcassets */ = {isa = PBXFileReference; lastKnownFileType = folder.assetcatalog; path = "Preview Assets.xcassets"; sourceTree = "<group>"; };
		F81DFB882C2C697600D56AA4 /* Dozz.xcdatamodel */ = {isa = PBXFileReference; lastKnownFileType = wrapper.xcdatamodel; path = Dozz.xcdatamodel; sourceTree = "<group>"; };
		F81DFB902C2C6ADB00D56AA4 /* extensionColor.swift */ = {isa = PBXFileReference; lastKnownFileType = sourcecode.swift; path = extensionColor.swift; sourceTree = "<group>"; };
		F81DFB992C2C7A5F00D56AA4 /* LaunchScreen.storyboard */ = {isa = PBXFileReference; lastKnownFileType = file.storyboard; path = LaunchScreen.storyboard; sourceTree = "<group>"; };
		F81DFBC62C2CAAE500D56AA4 /* Persistence.swift */ = {isa = PBXFileReference; lastKnownFileType = sourcecode.swift; path = Persistence.swift; sourceTree = "<group>"; };
		F81DFBC82C2CB62500D56AA4 /* Constant.swift */ = {isa = PBXFileReference; lastKnownFileType = sourcecode.swift; path = Constant.swift; sourceTree = "<group>"; };
		F8C944262C2DD0F70024D7EA /* HideKeyboardExtension.swift */ = {isa = PBXFileReference; lastKnownFileType = sourcecode.swift; path = HideKeyboardExtension.swift; sourceTree = "<group>"; };
		F8CB952F2C37640600D6F3E8 /* NewTaskView.swift */ = {isa = PBXFileReference; lastKnownFileType = sourcecode.swift; path = NewTaskView.swift; sourceTree = "<group>"; };
		F8F7C39E2C38BBB40090532F /* SelectedFruitsIView.swift */ = {isa = PBXFileReference; lastKnownFileType = sourcecode.swift; path = SelectedFruitsIView.swift; sourceTree = "<group>"; };
/* End PBXFileReference section */

/* Begin PBXFrameworksBuildPhase section */
		F81DFB762C2C697300D56AA4 /* Frameworks */ = {
			isa = PBXFrameworksBuildPhase;
			buildActionMask = 2147483647;
			files = (
			);
			runOnlyForDeploymentPostprocessing = 0;
		};
/* End PBXFrameworksBuildPhase section */

/* Begin PBXGroup section */
		F81DFB702C2C697300D56AA4 = {
			isa = PBXGroup;
			children = (
				F81DFB7B2C2C697300D56AA4 /* Dozz */,
				F81DFB7A2C2C697300D56AA4 /* Products */,
			);
			sourceTree = "<group>";
		};
		F81DFB7A2C2C697300D56AA4 /* Products */ = {
			isa = PBXGroup;
			children = (
				F81DFB792C2C697300D56AA4 /* Dozz.app */,
			);
			name = Products;
			sourceTree = "<group>";
		};
		F81DFB7B2C2C697300D56AA4 /* Dozz */ = {
			isa = PBXGroup;
			children = (
				F81DFB962C2C776F00D56AA4 /* App */,
				F81DFB922C2C772300D56AA4 /* Views */,
				F8CB952E2C3763CB00D6F3E8 /* Composant */,
				F81DFB982C2C77AA00D56AA4 /* Model */,
				F81DFB942C2C774D00D56AA4 /* Utility */,
				F81DFB802C2C697600D56AA4 /* Assets.xcassets */,
				F81DFB952C2C775B00D56AA4 /* Sound */,
				F81DFB932C2C773D00D56AA4 /* Style */,
				F81DFB8F2C2C6AA900D56AA4 /* Extension */,
				F81DFB822C2C697600D56AA4 /* Preview Content */,
			);
			path = Dozz;
			sourceTree = "<group>";
		};
		F81DFB822C2C697600D56AA4 /* Preview Content */ = {
			isa = PBXGroup;
			children = (
				F81DFB832C2C697600D56AA4 /* Preview Assets.xcassets */,
			);
			path = "Preview Content";
			sourceTree = "<group>";
		};
		F81DFB8F2C2C6AA900D56AA4 /* Extension */ = {
			isa = PBXGroup;
			children = (
				F81DFB902C2C6ADB00D56AA4 /* extensionColor.swift */,
				F8C944262C2DD0F70024D7EA /* HideKeyboardExtension.swift */,
			);
			path = Extension;
			sourceTree = "<group>";
		};
		F81DFB922C2C772300D56AA4 /* Views */ = {
			isa = PBXGroup;
			children = (
				F81DFB7E2C2C697300D56AA4 /* HomeView.swift */,
			);
			path = Views;
			sourceTree = "<group>";
		};
		F81DFB932C2C773D00D56AA4 /* Style */ = {
			isa = PBXGroup;
			children = (
			);
			path = Style;
			sourceTree = "<group>";
		};
		F81DFB942C2C774D00D56AA4 /* Utility */ = {
			isa = PBXGroup;
			children = (
				F81DFBC82C2CB62500D56AA4 /* Constant.swift */,
			);
			path = Utility;
			sourceTree = "<group>";
		};
		F81DFB952C2C775B00D56AA4 /* Sound */ = {
			isa = PBXGroup;
			children = (
			);
			path = Sound;
			sourceTree = "<group>";
		};
		F81DFB962C2C776F00D56AA4 /* App */ = {
			isa = PBXGroup;
			children = (
				F81DFB7C2C2C697300D56AA4 /* DozzApp.swift */,
				F81DFB992C2C7A5F00D56AA4 /* LaunchScreen.storyboard */,
			);
			path = App;
			sourceTree = "<group>";
		};
		F81DFB982C2C77AA00D56AA4 /* Model */ = {
			isa = PBXGroup;
			children = (
				F81DFBC62C2CAAE500D56AA4 /* Persistence.swift */,
				F81DFB872C2C697600D56AA4 /* Dozz.xcdatamodeld */,
			);
			path = Model;
			sourceTree = "<group>";
		};
		F8CB952E2C3763CB00D6F3E8 /* Composant */ = {
			isa = PBXGroup;
			children = (
				F8CB952F2C37640600D6F3E8 /* NewTaskView.swift */,
				F8F7C39E2C38BBB40090532F /* SelectedFruitsIView.swift */,
			);
			path = Composant;
			sourceTree = "<group>";
		};
/* End PBXGroup section */

/* Begin PBXNativeTarget section */
		F81DFB782C2C697300D56AA4 /* Dozz */ = {
			isa = PBXNativeTarget;
			buildConfigurationList = F81DFB8C2C2C697600D56AA4 /* Build configuration list for PBXNativeTarget "Dozz" */;
			buildPhases = (
				F81DFB752C2C697300D56AA4 /* Sources */,
				F81DFB762C2C697300D56AA4 /* Frameworks */,
				F81DFB772C2C697300D56AA4 /* Resources */,
			);
			buildRules = (
			);
			dependencies = (
			);
			name = Dozz;
			productName = Dozz;
			productReference = F81DFB792C2C697300D56AA4 /* Dozz.app */;
			productType = "com.apple.product-type.application";
		};
/* End PBXNativeTarget section */

/* Begin PBXProject section */
		F81DFB712C2C697300D56AA4 /* Project object */ = {
			isa = PBXProject;
			attributes = {
				BuildIndependentTargetsInParallel = 1;
				LastSwiftUpdateCheck = 1540;
				LastUpgradeCheck = 1540;
				TargetAttributes = {
					F81DFB782C2C697300D56AA4 = {
						CreatedOnToolsVersion = 15.4;
					};
				};
			};
			buildConfigurationList = F81DFB742C2C697300D56AA4 /* Build configuration list for PBXProject "Dozz" */;
			compatibilityVersion = "Xcode 14.0";
			developmentRegion = en;
			hasScannedForEncodings = 0;
			knownRegions = (
				en,
				Base,
			);
			mainGroup = F81DFB702C2C697300D56AA4;
			productRefGroup = F81DFB7A2C2C697300D56AA4 /* Products */;
			projectDirPath = "";
			projectRoot = "";
			targets = (
				F81DFB782C2C697300D56AA4 /* Dozz */,
			);
		};
/* End PBXProject section */

/* Begin PBXResourcesBuildPhase section */
		F81DFB772C2C697300D56AA4 /* Resources */ = {
			isa = PBXResourcesBuildPhase;
			buildActionMask = 2147483647;
			files = (
				F81DFB9A2C2C7A5F00D56AA4 /* LaunchScreen.storyboard in Resources */,
				F81DFB842C2C697600D56AA4 /* Preview Assets.xcassets in Resources */,
				F81DFB812C2C697600D56AA4 /* Assets.xcassets in Resources */,
			);
			runOnlyForDeploymentPostprocessing = 0;
		};
/* End PBXResourcesBuildPhase section */

/* Begin PBXSourcesBuildPhase section */
		F81DFB752C2C697300D56AA4 /* Sources */ = {
			isa = PBXSourcesBuildPhase;
			buildActionMask = 2147483647;
			files = (
				F81DFB892C2C697600D56AA4 /* Dozz.xcdatamodeld in Sources */,
				F81DFB7F2C2C697300D56AA4 /* HomeView.swift in Sources */,
				F8C944272C2DD0F70024D7EA /* HideKeyboardExtension.swift in Sources */,
				F8F7C39F2C38BBB40090532F /* SelectedFruitsIView.swift in Sources */,
				F81DFB7D2C2C697300D56AA4 /* DozzApp.swift in Sources */,
				F8CB95302C37640600D6F3E8 /* NewTaskView.swift in Sources */,
				F81DFB912C2C6ADB00D56AA4 /* extensionColor.swift in Sources */,
				F81DFBC72C2CAAE500D56AA4 /* Persistence.swift in Sources */,
				F81DFBC92C2CB62500D56AA4 /* Constant.swift in Sources */,
			);
			runOnlyForDeploymentPostprocessing = 0;
		};
/* End PBXSourcesBuildPhase section */

/* Begin XCBuildConfiguration section */
		F81DFB8A2C2C697600D56AA4 /* Debug */ = {
			isa = XCBuildConfiguration;
			buildSettings = {
				ALWAYS_SEARCH_USER_PATHS = NO;
				ASSETCATALOG_COMPILER_GENERATE_SWIFT_ASSET_SYMBOL_EXTENSIONS = YES;
				CLANG_ANALYZER_NONNULL = YES;
				CLANG_ANALYZER_NUMBER_OBJECT_CONVERSION = YES_AGGRESSIVE;
				CLANG_CXX_LANGUAGE_STANDARD = "gnu++20";
				CLANG_ENABLE_MODULES = YES;
				CLANG_ENABLE_OBJC_ARC = YES;
				CLANG_ENABLE_OBJC_WEAK = YES;
				CLANG_WARN_BLOCK_CAPTURE_AUTORELEASING = YES;
				CLANG_WARN_BOOL_CONVERSION = YES;
				CLANG_WARN_COMMA = YES;
				CLANG_WARN_CONSTANT_CONVERSION = YES;
				CLANG_WARN_DEPRECATED_OBJC_IMPLEMENTATIONS = YES;
				CLANG_WARN_DIRECT_OBJC_ISA_USAGE = YES_ERROR;
				CLANG_WARN_DOCUMENTATION_COMMENTS = YES;
				CLANG_WARN_EMPTY_BODY = YES;
				CLANG_WARN_ENUM_CONVERSION = YES;
				CLANG_WARN_INFINITE_RECURSION = YES;
				CLANG_WARN_INT_CONVERSION = YES;
				CLANG_WARN_NON_LITERAL_NULL_CONVERSION = YES;
				CLANG_WARN_OBJC_IMPLICIT_RETAIN_SELF = YES;
				CLANG_WARN_OBJC_LITERAL_CONVERSION = YES;
				CLANG_WARN_OBJC_ROOT_CLASS = YES_ERROR;
				CLANG_WARN_QUOTED_INCLUDE_IN_FRAMEWORK_HEADER = YES;
				CLANG_WARN_RANGE_LOOP_ANALYSIS = YES;
				CLANG_WARN_STRICT_PROTOTYPES = YES;
				CLANG_WARN_SUSPICIOUS_MOVE = YES;
				CLANG_WARN_UNGUARDED_AVAILABILITY = YES_AGGRESSIVE;
				CLANG_WARN_UNREACHABLE_CODE = YES;
				CLANG_WARN__DUPLICATE_METHOD_MATCH = YES;
				COPY_PHASE_STRIP = NO;
				DEBUG_INFORMATION_FORMAT = dwarf;
				ENABLE_STRICT_OBJC_MSGSEND = YES;
				ENABLE_TESTABILITY = YES;
				ENABLE_USER_SCRIPT_SANDBOXING = YES;
				GCC_C_LANGUAGE_STANDARD = gnu17;
				GCC_DYNAMIC_NO_PIC = NO;
				GCC_NO_COMMON_BLOCKS = YES;
				GCC_OPTIMIZATION_LEVEL = 0;
				GCC_PREPROCESSOR_DEFINITIONS = (
					"DEBUG=1",
					"$(inherited)",
				);
				GCC_WARN_64_TO_32_BIT_CONVERSION = YES;
				GCC_WARN_ABOUT_RETURN_TYPE = YES_ERROR;
				GCC_WARN_UNDECLARED_SELECTOR = YES;
				GCC_WARN_UNINITIALIZED_AUTOS = YES_AGGRESSIVE;
				GCC_WARN_UNUSED_FUNCTION = YES;
				GCC_WARN_UNUSED_VARIABLE = YES;
				IPHONEOS_DEPLOYMENT_TARGET = 17.5;
				LOCALIZATION_PREFERS_STRING_CATALOGS = YES;
				MTL_ENABLE_DEBUG_INFO = INCLUDE_SOURCE;
				MTL_FAST_MATH = YES;
				ONLY_ACTIVE_ARCH = YES;
				SDKROOT = iphoneos;
				SWIFT_ACTIVE_COMPILATION_CONDITIONS = "DEBUG $(inherited)";
				SWIFT_OPTIMIZATION_LEVEL = "-Onone";
			};
			name = Debug;
		};
		F81DFB8B2C2C697600D56AA4 /* Release */ = {
			isa = XCBuildConfiguration;
			buildSettings = {
				ALWAYS_SEARCH_USER_PATHS = NO;
				ASSETCATALOG_COMPILER_GENERATE_SWIFT_ASSET_SYMBOL_EXTENSIONS = YES;
				CLANG_ANALYZER_NONNULL = YES;
				CLANG_ANALYZER_NUMBER_OBJECT_CONVERSION = YES_AGGRESSIVE;
				CLANG_CXX_LANGUAGE_STANDARD = "gnu++20";
				CLANG_ENABLE_MODULES = YES;
				CLANG_ENABLE_OBJC_ARC = YES;
				CLANG_ENABLE_OBJC_WEAK = YES;
				CLANG_WARN_BLOCK_CAPTURE_AUTORELEASING = YES;
				CLANG_WARN_BOOL_CONVERSION = YES;
				CLANG_WARN_COMMA = YES;
				CLANG_WARN_CONSTANT_CONVERSION = YES;
				CLANG_WARN_DEPRECATED_OBJC_IMPLEMENTATIONS = YES;
				CLANG_WARN_DIRECT_OBJC_ISA_USAGE = YES_ERROR;
				CLANG_WARN_DOCUMENTATION_COMMENTS = YES;
				CLANG_WARN_EMPTY_BODY = YES;
				CLANG_WARN_ENUM_CONVERSION = YES;
				CLANG_WARN_INFINITE_RECURSION = YES;
				CLANG_WARN_INT_CONVERSION = YES;
				CLANG_WARN_NON_LITERAL_NULL_CONVERSION = YES;
				CLANG_WARN_OBJC_IMPLICIT_RETAIN_SELF = YES;
				CLANG_WARN_OBJC_LITERAL_CONVERSION = YES;
				CLANG_WARN_OBJC_ROOT_CLASS = YES_ERROR;
				CLANG_WARN_QUOTED_INCLUDE_IN_FRAMEWORK_HEADER = YES;
				CLANG_WARN_RANGE_LOOP_ANALYSIS = YES;
				CLANG_WARN_STRICT_PROTOTYPES = YES;
				CLANG_WARN_SUSPICIOUS_MOVE = YES;
				CLANG_WARN_UNGUARDED_AVAILABILITY = YES_AGGRESSIVE;
				CLANG_WARN_UNREACHABLE_CODE = YES;
				CLANG_WARN__DUPLICATE_METHOD_MATCH = YES;
				COPY_PHASE_STRIP = NO;
				DEBUG_INFORMATION_FORMAT = "dwarf-with-dsym";
				ENABLE_NS_ASSERTIONS = NO;
				ENABLE_STRICT_OBJC_MSGSEND = YES;
				ENABLE_USER_SCRIPT_SANDBOXING = YES;
				GCC_C_LANGUAGE_STANDARD = gnu17;
				GCC_NO_COMMON_BLOCKS = YES;
				GCC_WARN_64_TO_32_BIT_CONVERSION = YES;
				GCC_WARN_ABOUT_RETURN_TYPE = YES_ERROR;
				GCC_WARN_UNDECLARED_SELECTOR = YES;
				GCC_WARN_UNINITIALIZED_AUTOS = YES_AGGRESSIVE;
				GCC_WARN_UNUSED_FUNCTION = YES;
				GCC_WARN_UNUSED_VARIABLE = YES;
				IPHONEOS_DEPLOYMENT_TARGET = 17.5;
				LOCALIZATION_PREFERS_STRING_CATALOGS = YES;
				MTL_ENABLE_DEBUG_INFO = NO;
				MTL_FAST_MATH = YES;
				SDKROOT = iphoneos;
				SWIFT_COMPILATION_MODE = wholemodule;
				VALIDATE_PRODUCT = YES;
			};
			name = Release;
		};
		F81DFB8D2C2C697600D56AA4 /* Debug */ = {
			isa = XCBuildConfiguration;
			buildSettings = {
				ASSETCATALOG_COMPILER_APPICON_NAME = AppIcon;
				ASSETCATALOG_COMPILER_GLOBAL_ACCENT_COLOR_NAME = AccentColor;
				CODE_SIGN_STYLE = Automatic;
				CURRENT_PROJECT_VERSION = 1;
				DEVELOPMENT_ASSET_PATHS = "\"Dozz/Preview Content\"";
				DEVELOPMENT_TEAM = KRUHW4V9N9;
				ENABLE_PREVIEWS = YES;
				GENERATE_INFOPLIST_FILE = YES;
				INFOPLIST_KEY_UIApplicationSceneManifest_Generation = YES;
				INFOPLIST_KEY_UIApplicationSupportsIndirectInputEvents = YES;
				INFOPLIST_KEY_UILaunchScreen_Generation = YES;
				INFOPLIST_KEY_UILaunchStoryboardName = LaunchScreen.storyboard;
				INFOPLIST_KEY_UISupportedInterfaceOrientations = UIInterfaceOrientationPortrait;
				INFOPLIST_KEY_UISupportedInterfaceOrientations_iPad = "UIInterfaceOrientationPortrait UIInterfaceOrientationPortraitUpsideDown";
				LD_RUNPATH_SEARCH_PATHS = (
					"$(inherited)",
					"@executable_path/Frameworks",
				);
				MARKETING_VERSION = 1.0;
				PRODUCT_BUNDLE_IDENTIFIER = com.Dozz;
				PRODUCT_NAME = "$(TARGET_NAME)";
				SWIFT_EMIT_LOC_STRINGS = YES;
				SWIFT_VERSION = 5.0;
				TARGETED_DEVICE_FAMILY = "1,2";
			};
			name = Debug;
		};
		F81DFB8E2C2C697600D56AA4 /* Release */ = {
			isa = XCBuildConfiguration;
			buildSettings = {
				ASSETCATALOG_COMPILER_APPICON_NAME = AppIcon;
				ASSETCATALOG_COMPILER_GLOBAL_ACCENT_COLOR_NAME = AccentColor;
				CODE_SIGN_STYLE = Automatic;
				CURRENT_PROJECT_VERSION = 1;
				DEVELOPMENT_ASSET_PATHS = "\"Dozz/Preview Content\"";
				DEVELOPMENT_TEAM = KRUHW4V9N9;
				ENABLE_PREVIEWS = YES;
				GENERATE_INFOPLIST_FILE = YES;
				INFOPLIST_KEY_UIApplicationSceneManifest_Generation = YES;
				INFOPLIST_KEY_UIApplicationSupportsIndirectInputEvents = YES;
				INFOPLIST_KEY_UILaunchScreen_Generation = YES;
				INFOPLIST_KEY_UILaunchStoryboardName = LaunchScreen.storyboard;
				INFOPLIST_KEY_UISupportedInterfaceOrientations = UIInterfaceOrientationPortrait;
				INFOPLIST_KEY_UISupportedInterfaceOrientations_iPad = "UIInterfaceOrientationPortrait UIInterfaceOrientationPortraitUpsideDown";
				LD_RUNPATH_SEARCH_PATHS = (
					"$(inherited)",
					"@executable_path/Frameworks",
				);
				MARKETING_VERSION = 1.0;
				PRODUCT_BUNDLE_IDENTIFIER = com.Dozz;
				PRODUCT_NAME = "$(TARGET_NAME)";
				SWIFT_EMIT_LOC_STRINGS = YES;
				SWIFT_VERSION = 5.0;
				TARGETED_DEVICE_FAMILY = "1,2";
			};
			name = Release;
		};
/* End XCBuildConfiguration section */

/* Begin XCConfigurationList section */
		F81DFB742C2C697300D56AA4 /* Build configuration list for PBXProject "Dozz" */ = {
			isa = XCConfigurationList;
			buildConfigurations = (
				F81DFB8A2C2C697600D56AA4 /* Debug */,
				F81DFB8B2C2C697600D56AA4 /* Release */,
			);
			defaultConfigurationIsVisible = 0;
			defaultConfigurationName = Release;
		};
		F81DFB8C2C2C697600D56AA4 /* Build configuration list for PBXNativeTarget "Dozz" */ = {
			isa = XCConfigurationList;
			buildConfigurations = (
				F81DFB8D2C2C697600D56AA4 /* Debug */,
				F81DFB8E2C2C697600D56AA4 /* Release */,
			);
			defaultConfigurationIsVisible = 0;
			defaultConfigurationName = Release;
		};
/* End XCConfigurationList section */

/* Begin XCVersionGroup section */
		F81DFB872C2C697600D56AA4 /* Dozz.xcdatamodeld */ = {
			isa = XCVersionGroup;
			children = (
				F81DFB882C2C697600D56AA4 /* Dozz.xcdatamodel */,
			);
			currentVersion = F81DFB882C2C697600D56AA4 /* Dozz.xcdatamodel */;
			path = Dozz.xcdatamodeld;
			sourceTree = "<group>";
			versionGroupType = wrapper.xcdatamodel;
		};
/* End XCVersionGroup section */
	};
	rootObject = F81DFB712C2C697300D56AA4 /* Project object */;
}
